
Microsoft Visual Studio Solution File, Format Version 12.00
# Visual Studio 15
Project("{2150E333-8FDC-42A3-9474-1A3956D46DE8}") = "CMakePredefinedTargets", "CMakePredefinedTargets", "{2A62B544-6616-3C49-B345-A30990D7789D}"
EndProject
Project("{8BC9CEB8-8B4A-11D0-8D11-00A0C91BC942}") = "ALL_BUILD", "ALL_BUILD.vcxproj", "{86F23D52-580B-3325-BE22-244FB614C3C4}"
	ProjectSection(ProjectDependencies) = postProject
		{969AC39C-A636-3ACE-9F77-97A95B55FC92} = {969AC39C-A636-3ACE-9F77-97A95B55FC92}
		{B03E9A52-E89B-3E30-BD94-5CA51A9D74B1} = {B03E9A52-E89B-3E30-BD94-5CA51A9D74B1}
		{2FD301CF-3A11-32A2-BC46-1A114AB673B1} = {2FD301CF-3A11-32A2-BC46-1A114AB673B1}
		{F0A6AF77-1C22-333B-A6EE-6BDE23D32F71} = {F0A6AF77-1C22-333B-A6EE-6BDE23D32F71}
		{7E56CDB8-CE44-37FD-A8DA-E24611D0411B} = {7E56CDB8-CE44-37FD-A8DA-E24611D0411B}
		{C269C534-0DF9-3089-840B-0E8EBD622252} = {C269C534-0DF9-3089-840B-0E8EBD622252}
		{D946A4FF-EAE1-3FEE-959E-A4B4A1519D08} = {D946A4FF-EAE1-3FEE-959E-A4B4A1519D08}
		{670E10DE-ED8C-3F58-A4D5-EC8AF4CD2378} = {670E10DE-ED8C-3F58-A4D5-EC8AF4CD2378}
		{19C4D03B-CE63-3CFD-A3C0-E14824C4D222} = {19C4D03B-CE63-3CFD-A3C0-E14824C4D222}
		{BC699D66-5FA8-36D6-8B5F-F9549A7925B8} = {BC699D66-5FA8-36D6-8B5F-F9549A7925B8}
		{2986CCFD-EDB1-379D-9FF9-AFB03D146BDA} = {2986CCFD-EDB1-379D-9FF9-AFB03D146BDA}
		{864100DD-6FE8-3F19-BE87-00585AC7EF77} = {864100DD-6FE8-3F19-BE87-00585AC7EF77}
		{24D41B76-EBE0-34E6-AD7E-67141F86F90D} = {24D41B76-EBE0-34E6-AD7E-67141F86F90D}
		{7793D768-3616-3F28-B32B-9A77CFE49D6D} = {7793D768-3616-3F28-B32B-9A77CFE49D6D}
		{3B087C96-24A6-3AAB-8482-A542AAAF69DA} = {3B087C96-24A6-3AAB-8482-A542AAAF69DA}
		{01175087-1BD0-356E-86E1-C3C3B195829E} = {01175087-1BD0-356E-86E1-C3C3B195829E}
		{F5889009-109D-3156-9D53-B7535A401761} = {F5889009-109D-3156-9D53-B7535A401761}
		{65ED99CC-EB8D-347D-B878-916954D52A01} = {65ED99CC-EB8D-347D-B878-916954D52A01}
		{C8C138DB-517B-39D4-8C15-A7DE8B1CF9C8} = {C8C138DB-517B-39D4-8C15-A7DE8B1CF9C8}
		{9851533C-6311-3FC2-A2D6-07A3192BFD8D} = {9851533C-6311-3FC2-A2D6-07A3192BFD8D}
		{7327003A-E40D-3904-BBFE-906EDD50E1C8} = {7327003A-E40D-3904-BBFE-906EDD50E1C8}
		{56C3608A-CB79-3F19-9CE7-4A1B63F2A1D6} = {56C3608A-CB79-3F19-9CE7-4A1B63F2A1D6}
	EndProjectSection
EndProject
Project("{8BC9CEB8-8B4A-11D0-8D11-00A0C91BC942}") = "INSTALL", "INSTALL.vcxproj", "{66E16270-A3A7-39FD-8FF6-1F01DF0E4309}"
	ProjectSection(ProjectDependencies) = postProject
		{86F23D52-580B-3325-BE22-244FB614C3C4} = {86F23D52-580B-3325-BE22-244FB614C3C4}
		{969AC39C-A636-3ACE-9F77-97A95B55FC92} = {969AC39C-A636-3ACE-9F77-97A95B55FC92}
	EndProjectSection
EndProject
Project("{8BC9CEB8-8B4A-11D0-8D11-00A0C91BC942}") = "PACKAGE", "PACKAGE.vcxproj", "{7DC70B01-FB2A-355B-B23A-ECE6591D527F}"
	ProjectSection(ProjectDependencies) = postProject
		{86F23D52-580B-3325-BE22-244FB614C3C4} = {86F23D52-580B-3325-BE22-244FB614C3C4}
		{969AC39C-A636-3ACE-9F77-97A95B55FC92} = {969AC39C-A636-3ACE-9F77-97A95B55FC92}
	EndProjectSection
EndProject
Project("{8BC9CEB8-8B4A-11D0-8D11-00A0C91BC942}") = "ZERO_CHECK", "ZERO_CHECK.vcxproj", "{969AC39C-A636-3ACE-9F77-97A95B55FC92}"
	ProjectSection(ProjectDependencies) = postProject
	EndProjectSection
EndProject
Project("{8BC9CEB8-8B4A-11D0-8D11-00A0C91BC942}") = "bundle2pset", "apps\bundle2pset\bundle2pset.vcxproj", "{B03E9A52-E89B-3E30-BD94-5CA51A9D74B1}"
	ProjectSection(ProjectDependencies) = postProject
		{969AC39C-A636-3ACE-9F77-97A95B55FC92} = {969AC39C-A636-3ACE-9F77-97A95B55FC92}
		{2986CCFD-EDB1-379D-9FF9-AFB03D146BDA} = {2986CCFD-EDB1-379D-9FF9-AFB03D146BDA}
		{7793D768-3616-3F28-B32B-9A77CFE49D6D} = {7793D768-3616-3F28-B32B-9A77CFE49D6D}
		{F5889009-109D-3156-9D53-B7535A401761} = {F5889009-109D-3156-9D53-B7535A401761}
	EndProjectSection
EndProject
Project("{8BC9CEB8-8B4A-11D0-8D11-00A0C91BC942}") = "dmrecon", "apps\dmrecon\dmrecon.vcxproj", "{2FD301CF-3A11-32A2-BC46-1A114AB673B1}"
	ProjectSection(ProjectDependencies) = postProject
		{969AC39C-A636-3ACE-9F77-97A95B55FC92} = {969AC39C-A636-3ACE-9F77-97A95B55FC92}
		{2986CCFD-EDB1-379D-9FF9-AFB03D146BDA} = {2986CCFD-EDB1-379D-9FF9-AFB03D146BDA}
		{864100DD-6FE8-3F19-BE87-00585AC7EF77} = {864100DD-6FE8-3F19-BE87-00585AC7EF77}
		{7793D768-3616-3F28-B32B-9A77CFE49D6D} = {7793D768-3616-3F28-B32B-9A77CFE49D6D}
		{F5889009-109D-3156-9D53-B7535A401761} = {F5889009-109D-3156-9D53-B7535A401761}
	EndProjectSection
EndProject
Project("{8BC9CEB8-8B4A-11D0-8D11-00A0C91BC942}") = "featurerecon", "apps\featurerecon\featurerecon.vcxproj", "{F0A6AF77-1C22-333B-A6EE-6BDE23D32F71}"
	ProjectSection(ProjectDependencies) = postProject
		{969AC39C-A636-3ACE-9F77-97A95B55FC92} = {969AC39C-A636-3ACE-9F77-97A95B55FC92}
		{2986CCFD-EDB1-379D-9FF9-AFB03D146BDA} = {2986CCFD-EDB1-379D-9FF9-AFB03D146BDA}
		{7793D768-3616-3F28-B32B-9A77CFE49D6D} = {7793D768-3616-3F28-B32B-9A77CFE49D6D}
		{01175087-1BD0-356E-86E1-C3C3B195829E} = {01175087-1BD0-356E-86E1-C3C3B195829E}
		{F5889009-109D-3156-9D53-B7535A401761} = {F5889009-109D-3156-9D53-B7535A401761}
	EndProjectSection
EndProject
Project("{8BC9CEB8-8B4A-11D0-8D11-00A0C91BC942}") = "fssrecon", "apps\fssrecon\fssrecon.vcxproj", "{7E56CDB8-CE44-37FD-A8DA-E24611D0411B}"
	ProjectSection(ProjectDependencies) = postProject
		{969AC39C-A636-3ACE-9F77-97A95B55FC92} = {969AC39C-A636-3ACE-9F77-97A95B55FC92}
		{2986CCFD-EDB1-379D-9FF9-AFB03D146BDA} = {2986CCFD-EDB1-379D-9FF9-AFB03D146BDA}
		{24D41B76-EBE0-34E6-AD7E-67141F86F90D} = {24D41B76-EBE0-34E6-AD7E-67141F86F90D}
		{7793D768-3616-3F28-B32B-9A77CFE49D6D} = {7793D768-3616-3F28-B32B-9A77CFE49D6D}
		{F5889009-109D-3156-9D53-B7535A401761} = {F5889009-109D-3156-9D53-B7535A401761}
	EndProjectSection
EndProject
Project("{8BC9CEB8-8B4A-11D0-8D11-00A0C91BC942}") = "makescene", "apps\makescene\makescene.vcxproj", "{C269C534-0DF9-3089-840B-0E8EBD622252}"
	ProjectSection(ProjectDependencies) = postProject
		{969AC39C-A636-3ACE-9F77-97A95B55FC92} = {969AC39C-A636-3ACE-9F77-97A95B55FC92}
		{2986CCFD-EDB1-379D-9FF9-AFB03D146BDA} = {2986CCFD-EDB1-379D-9FF9-AFB03D146BDA}
		{7793D768-3616-3F28-B32B-9A77CFE49D6D} = {7793D768-3616-3F28-B32B-9A77CFE49D6D}
		{F5889009-109D-3156-9D53-B7535A401761} = {F5889009-109D-3156-9D53-B7535A401761}
	EndProjectSection
EndProject
Project("{8BC9CEB8-8B4A-11D0-8D11-00A0C91BC942}") = "mesh2pset", "apps\mesh2pset\mesh2pset.vcxproj", "{D946A4FF-EAE1-3FEE-959E-A4B4A1519D08}"
	ProjectSection(ProjectDependencies) = postProject
		{969AC39C-A636-3ACE-9F77-97A95B55FC92} = {969AC39C-A636-3ACE-9F77-97A95B55FC92}
		{2986CCFD-EDB1-379D-9FF9-AFB03D146BDA} = {2986CCFD-EDB1-379D-9FF9-AFB03D146BDA}
		{24D41B76-EBE0-34E6-AD7E-67141F86F90D} = {24D41B76-EBE0-34E6-AD7E-67141F86F90D}
		{7793D768-3616-3F28-B32B-9A77CFE49D6D} = {7793D768-3616-3F28-B32B-9A77CFE49D6D}
		{F5889009-109D-3156-9D53-B7535A401761} = {F5889009-109D-3156-9D53-B7535A401761}
	EndProjectSection
EndProject
Project("{8BC9CEB8-8B4A-11D0-8D11-00A0C91BC942}") = "meshalign", "apps\meshalign\meshalign.vcxproj", "{670E10DE-ED8C-3F58-A4D5-EC8AF4CD2378}"
	ProjectSection(ProjectDependencies) = postProject
		{969AC39C-A636-3ACE-9F77-97A95B55FC92} = {969AC39C-A636-3ACE-9F77-97A95B55FC92}
		{2986CCFD-EDB1-379D-9FF9-AFB03D146BDA} = {2986CCFD-EDB1-379D-9FF9-AFB03D146BDA}
		{24D41B76-EBE0-34E6-AD7E-67141F86F90D} = {24D41B76-EBE0-34E6-AD7E-67141F86F90D}
		{7793D768-3616-3F28-B32B-9A77CFE49D6D} = {7793D768-3616-3F28-B32B-9A77CFE49D6D}
		{F5889009-109D-3156-9D53-B7535A401761} = {F5889009-109D-3156-9D53-B7535A401761}
	EndProjectSection
EndProject
Project("{8BC9CEB8-8B4A-11D0-8D11-00A0C91BC942}") = "meshclean", "apps\meshclean\meshclean.vcxproj", "{19C4D03B-CE63-3CFD-A3C0-E14824C4D222}"
	ProjectSection(ProjectDependencies) = postProject
		{969AC39C-A636-3ACE-9F77-97A95B55FC92} = {969AC39C-A636-3ACE-9F77-97A95B55FC92}
		{2986CCFD-EDB1-379D-9FF9-AFB03D146BDA} = {2986CCFD-EDB1-379D-9FF9-AFB03D146BDA}
		{24D41B76-EBE0-34E6-AD7E-67141F86F90D} = {24D41B76-EBE0-34E6-AD7E-67141F86F90D}
		{7793D768-3616-3F28-B32B-9A77CFE49D6D} = {7793D768-3616-3F28-B32B-9A77CFE49D6D}
		{F5889009-109D-3156-9D53-B7535A401761} = {F5889009-109D-3156-9D53-B7535A401761}
	EndProjectSection
EndProject
Project("{8BC9CEB8-8B4A-11D0-8D11-00A0C91BC942}") = "meshconvert", "apps\meshconvert\meshconvert.vcxproj", "{BC699D66-5FA8-36D6-8B5F-F9549A7925B8}"
	ProjectSection(ProjectDependencies) = postProject
		{969AC39C-A636-3ACE-9F77-97A95B55FC92} = {969AC39C-A636-3ACE-9F77-97A95B55FC92}
		{2986CCFD-EDB1-379D-9FF9-AFB03D146BDA} = {2986CCFD-EDB1-379D-9FF9-AFB03D146BDA}
		{7793D768-3616-3F28-B32B-9A77CFE49D6D} = {7793D768-3616-3F28-B32B-9A77CFE49D6D}
		{F5889009-109D-3156-9D53-B7535A401761} = {F5889009-109D-3156-9D53-B7535A401761}
	EndProjectSection
EndProject
Project("{8BC9CEB8-8B4A-11D0-8D11-00A0C91BC942}") = "mve", "libs\mve\mve.vcxproj", "{2986CCFD-EDB1-379D-9FF9-AFB03D146BDA}"
	ProjectSection(ProjectDependencies) = postProject
		{969AC39C-A636-3ACE-9F77-97A95B55FC92} = {969AC39C-A636-3ACE-9F77-97A95B55FC92}
		{7793D768-3616-3F28-B32B-9A77CFE49D6D} = {7793D768-3616-3F28-B32B-9A77CFE49D6D}
		{F5889009-109D-3156-9D53-B7535A401761} = {F5889009-109D-3156-9D53-B7535A401761}
	EndProjectSection
EndProject
Project("{8BC9CEB8-8B4A-11D0-8D11-00A0C91BC942}") = "mve_dmrecon", "libs\dmrecon\mve_dmrecon.vcxproj", "{864100DD-6FE8-3F19-BE87-00585AC7EF77}"
	ProjectSection(ProjectDependencies) = postProject
		{969AC39C-A636-3ACE-9F77-97A95B55FC92} = {969AC39C-A636-3ACE-9F77-97A95B55FC92}
		{2986CCFD-EDB1-379D-9FF9-AFB03D146BDA} = {2986CCFD-EDB1-379D-9FF9-AFB03D146BDA}
		{7793D768-3616-3F28-B32B-9A77CFE49D6D} = {7793D768-3616-3F28-B32B-9A77CFE49D6D}
		{F5889009-109D-3156-9D53-B7535A401761} = {F5889009-109D-3156-9D53-B7535A401761}
	EndProjectSection
EndProject
Project("{8BC9CEB8-8B4A-11D0-8D11-00A0C91BC942}") = "mve_fssr", "libs\fssr\mve_fssr.vcxproj", "{24D41B76-EBE0-34E6-AD7E-67141F86F90D}"
	ProjectSection(ProjectDependencies) = postProject
		{969AC39C-A636-3ACE-9F77-97A95B55FC92} = {969AC39C-A636-3ACE-9F77-97A95B55FC92}
		{2986CCFD-EDB1-379D-9FF9-AFB03D146BDA} = {2986CCFD-EDB1-379D-9FF9-AFB03D146BDA}
		{7793D768-3616-3F28-B32B-9A77CFE49D6D} = {7793D768-3616-3F28-B32B-9A77CFE49D6D}
		{F5889009-109D-3156-9D53-B7535A401761} = {F5889009-109D-3156-9D53-B7535A401761}
	EndProjectSection
EndProject
Project("{8BC9CEB8-8B4A-11D0-8D11-00A0C91BC942}") = "mve_math", "libs\math\mve_math.vcxproj", "{7793D768-3616-3F28-B32B-9A77CFE49D6D}"
	ProjectSection(ProjectDependencies) = postProject
		{969AC39C-A636-3ACE-9F77-97A95B55FC92} = {969AC39C-A636-3ACE-9F77-97A95B55FC92}
	EndProjectSection
EndProject
Project("{8BC9CEB8-8B4A-11D0-8D11-00A0C91BC942}") = "mve_ogl", "libs\ogl\mve_ogl.vcxproj", "{3B087C96-24A6-3AAB-8482-A542AAAF69DA}"
	ProjectSection(ProjectDependencies) = postProject
		{969AC39C-A636-3ACE-9F77-97A95B55FC92} = {969AC39C-A636-3ACE-9F77-97A95B55FC92}
		{2986CCFD-EDB1-379D-9FF9-AFB03D146BDA} = {2986CCFD-EDB1-379D-9FF9-AFB03D146BDA}
		{7793D768-3616-3F28-B32B-9A77CFE49D6D} = {7793D768-3616-3F28-B32B-9A77CFE49D6D}
		{F5889009-109D-3156-9D53-B7535A401761} = {F5889009-109D-3156-9D53-B7535A401761}
	EndProjectSection
EndProject
Project("{8BC9CEB8-8B4A-11D0-8D11-00A0C91BC942}") = "mve_sfm", "libs\sfm\mve_sfm.vcxproj", "{01175087-1BD0-356E-86E1-C3C3B195829E}"
	ProjectSection(ProjectDependencies) = postProject
		{969AC39C-A636-3ACE-9F77-97A95B55FC92} = {969AC39C-A636-3ACE-9F77-97A95B55FC92}
		{2986CCFD-EDB1-379D-9FF9-AFB03D146BDA} = {2986CCFD-EDB1-379D-9FF9-AFB03D146BDA}
		{7793D768-3616-3F28-B32B-9A77CFE49D6D} = {7793D768-3616-3F28-B32B-9A77CFE49D6D}
		{F5889009-109D-3156-9D53-B7535A401761} = {F5889009-109D-3156-9D53-B7535A401761}
	EndProjectSection
EndProject
Project("{8BC9CEB8-8B4A-11D0-8D11-00A0C91BC942}") = "mve_util", "libs\util\mve_util.vcxproj", "{F5889009-109D-3156-9D53-B7535A401761}"
	ProjectSection(ProjectDependencies) = postProject
		{969AC39C-A636-3ACE-9F77-97A95B55FC92} = {969AC39C-A636-3ACE-9F77-97A95B55FC92}
	EndProjectSection
EndProject
Project("{8BC9CEB8-8B4A-11D0-8D11-00A0C91BC942}") = "prebundle", "apps\prebundle\prebundle.vcxproj", "{65ED99CC-EB8D-347D-B878-916954D52A01}"
	ProjectSection(ProjectDependencies) = postProject
		{969AC39C-A636-3ACE-9F77-97A95B55FC92} = {969AC39C-A636-3ACE-9F77-97A95B55FC92}
		{2986CCFD-EDB1-379D-9FF9-AFB03D146BDA} = {2986CCFD-EDB1-379D-9FF9-AFB03D146BDA}
		{7793D768-3616-3F28-B32B-9A77CFE49D6D} = {7793D768-3616-3F28-B32B-9A77CFE49D6D}
		{01175087-1BD0-356E-86E1-C3C3B195829E} = {01175087-1BD0-356E-86E1-C3C3B195829E}
		{F5889009-109D-3156-9D53-B7535A401761} = {F5889009-109D-3156-9D53-B7535A401761}
	EndProjectSection
EndProject
Project("{8BC9CEB8-8B4A-11D0-8D11-00A0C91BC942}") = "scene2pset", "apps\scene2pset\scene2pset.vcxproj", "{C8C138DB-517B-39D4-8C15-A7DE8B1CF9C8}"
	ProjectSection(ProjectDependencies) = postProject
		{969AC39C-A636-3ACE-9F77-97A95B55FC92} = {969AC39C-A636-3ACE-9F77-97A95B55FC92}
		{2986CCFD-EDB1-379D-9FF9-AFB03D146BDA} = {2986CCFD-EDB1-379D-9FF9-AFB03D146BDA}
		{7793D768-3616-3F28-B32B-9A77CFE49D6D} = {7793D768-3616-3F28-B32B-9A77CFE49D6D}
		{F5889009-109D-3156-9D53-B7535A401761} = {F5889009-109D-3156-9D53-B7535A401761}
	EndProjectSection
EndProject
Project("{8BC9CEB8-8B4A-11D0-8D11-00A0C91BC942}") = "sceneupgrade", "apps\sceneupgrade\sceneupgrade.vcxproj", "{9851533C-6311-3FC2-A2D6-07A3192BFD8D}"
	ProjectSection(ProjectDependencies) = postProject
		{969AC39C-A636-3ACE-9F77-97A95B55FC92} = {969AC39C-A636-3ACE-9F77-97A95B55FC92}
		{2986CCFD-EDB1-379D-9FF9-AFB03D146BDA} = {2986CCFD-EDB1-379D-9FF9-AFB03D146BDA}
		{7793D768-3616-3F28-B32B-9A77CFE49D6D} = {7793D768-3616-3F28-B32B-9A77CFE49D6D}
		{01175087-1BD0-356E-86E1-C3C3B195829E} = {01175087-1BD0-356E-86E1-C3C3B195829E}
		{F5889009-109D-3156-9D53-B7535A401761} = {F5889009-109D-3156-9D53-B7535A401761}
	EndProjectSection
EndProject
Project("{8BC9CEB8-8B4A-11D0-8D11-00A0C91BC942}") = "sfmrecon", "apps\sfmrecon\sfmrecon.vcxproj", "{7327003A-E40D-3904-BBFE-906EDD50E1C8}"
	ProjectSection(ProjectDependencies) = postProject
		{969AC39C-A636-3ACE-9F77-97A95B55FC92} = {969AC39C-A636-3ACE-9F77-97A95B55FC92}
		{2986CCFD-EDB1-379D-9FF9-AFB03D146BDA} = {2986CCFD-EDB1-379D-9FF9-AFB03D146BDA}
		{7793D768-3616-3F28-B32B-9A77CFE49D6D} = {7793D768-3616-3F28-B32B-9A77CFE49D6D}
		{01175087-1BD0-356E-86E1-C3C3B195829E} = {01175087-1BD0-356E-86E1-C3C3B195829E}
		{F5889009-109D-3156-9D53-B7535A401761} = {F5889009-109D-3156-9D53-B7535A401761}
	EndProjectSection
EndProject
Project("{8BC9CEB8-8B4A-11D0-8D11-00A0C91BC942}") = "umve", "apps\umve\umve.vcxproj", "{56C3608A-CB79-3F19-9CE7-4A1B63F2A1D6}"
	ProjectSection(ProjectDependencies) = postProject
		{969AC39C-A636-3ACE-9F77-97A95B55FC92} = {969AC39C-A636-3ACE-9F77-97A95B55FC92}
		{2986CCFD-EDB1-379D-9FF9-AFB03D146BDA} = {2986CCFD-EDB1-379D-9FF9-AFB03D146BDA}
		{864100DD-6FE8-3F19-BE87-00585AC7EF77} = {864100DD-6FE8-3F19-BE87-00585AC7EF77}
		{7793D768-3616-3F28-B32B-9A77CFE49D6D} = {7793D768-3616-3F28-B32B-9A77CFE49D6D}
		{3B087C96-24A6-3AAB-8482-A542AAAF69DA} = {3B087C96-24A6-3AAB-8482-A542AAAF69DA}
		{01175087-1BD0-356E-86E1-C3C3B195829E} = {01175087-1BD0-356E-86E1-C3C3B195829E}
		{F5889009-109D-3156-9D53-B7535A401761} = {F5889009-109D-3156-9D53-B7535A401761}
	EndProjectSection
EndProject
Global
	GlobalSection(SolutionConfigurationPlatforms) = preSolution
		Debug|x64 = Debug|x64
		Release|x64 = Release|x64
		MinSizeRel|x64 = MinSizeRel|x64
		RelWithDebInfo|x64 = RelWithDebInfo|x64
	EndGlobalSection
	GlobalSection(ProjectConfigurationPlatforms) = postSolution
		{86F23D52-580B-3325-BE22-244FB614C3C4}.Debug|x64.ActiveCfg = Debug|x64
		{86F23D52-580B-3325-BE22-244FB614C3C4}.Debug|x64.Build.0 = Debug|x64
		{86F23D52-580B-3325-BE22-244FB614C3C4}.Release|x64.ActiveCfg = Release|x64
		{86F23D52-580B-3325-BE22-244FB614C3C4}.Release|x64.Build.0 = Release|x64
		{86F23D52-580B-3325-BE22-244FB614C3C4}.MinSizeRel|x64.ActiveCfg = MinSizeRel|x64
		{86F23D52-580B-3325-BE22-244FB614C3C4}.MinSizeRel|x64.Build.0 = MinSizeRel|x64
		{86F23D52-580B-3325-BE22-244FB614C3C4}.RelWithDebInfo|x64.ActiveCfg = RelWithDebInfo|x64
		{86F23D52-580B-3325-BE22-244FB614C3C4}.RelWithDebInfo|x64.Build.0 = RelWithDebInfo|x64
		{66E16270-A3A7-39FD-8FF6-1F01DF0E4309}.Debug|x64.ActiveCfg = Debug|x64
		{66E16270-A3A7-39FD-8FF6-1F01DF0E4309}.Release|x64.ActiveCfg = Release|x64
		{66E16270-A3A7-39FD-8FF6-1F01DF0E4309}.MinSizeRel|x64.ActiveCfg = MinSizeRel|x64
		{66E16270-A3A7-39FD-8FF6-1F01DF0E4309}.RelWithDebInfo|x64.ActiveCfg = RelWithDebInfo|x64
		{7DC70B01-FB2A-355B-B23A-ECE6591D527F}.Debug|x64.ActiveCfg = Debug|x64
		{7DC70B01-FB2A-355B-B23A-ECE6591D527F}.Release|x64.ActiveCfg = Release|x64
		{7DC70B01-FB2A-355B-B23A-ECE6591D527F}.MinSizeRel|x64.ActiveCfg = MinSizeRel|x64
		{7DC70B01-FB2A-355B-B23A-ECE6591D527F}.RelWithDebInfo|x64.ActiveCfg = RelWithDebInfo|x64
		{969AC39C-A636-3ACE-9F77-97A95B55FC92}.Debug|x64.ActiveCfg = Debug|x64
		{969AC39C-A636-3ACE-9F77-97A95B55FC92}.Debug|x64.Build.0 = Debug|x64
		{969AC39C-A636-3ACE-9F77-97A95B55FC92}.Release|x64.ActiveCfg = Release|x64
		{969AC39C-A636-3ACE-9F77-97A95B55FC92}.Release|x64.Build.0 = Release|x64
		{969AC39C-A636-3ACE-9F77-97A95B55FC92}.MinSizeRel|x64.ActiveCfg = MinSizeRel|x64
		{969AC39C-A636-3ACE-9F77-97A95B55FC92}.MinSizeRel|x64.Build.0 = MinSizeRel|x64
		{969AC39C-A636-3ACE-9F77-97A95B55FC92}.RelWithDebInfo|x64.ActiveCfg = RelWithDebInfo|x64
		{969AC39C-A636-3ACE-9F77-97A95B55FC92}.RelWithDebInfo|x64.Build.0 = RelWithDebInfo|x64
		{B03E9A52-E89B-3E30-BD94-5CA51A9D74B1}.Debug|x64.ActiveCfg = Debug|x64
		{B03E9A52-E89B-3E30-BD94-5CA51A9D74B1}.Debug|x64.Build.0 = Debug|x64
		{B03E9A52-E89B-3E30-BD94-5CA51A9D74B1}.Release|x64.ActiveCfg = Release|x64
		{B03E9A52-E89B-3E30-BD94-5CA51A9D74B1}.Release|x64.Build.0 = Release|x64
		{B03E9A52-E89B-3E30-BD94-5CA51A9D74B1}.MinSizeRel|x64.ActiveCfg = MinSizeRel|x64
		{B03E9A52-E89B-3E30-BD94-5CA51A9D74B1}.MinSizeRel|x64.Build.0 = MinSizeRel|x64
		{B03E9A52-E89B-3E30-BD94-5CA51A9D74B1}.RelWithDebInfo|x64.ActiveCfg = RelWithDebInfo|x64
		{B03E9A52-E89B-3E30-BD94-5CA51A9D74B1}.RelWithDebInfo|x64.Build.0 = RelWithDebInfo|x64
		{2FD301CF-3A11-32A2-BC46-1A114AB673B1}.Debug|x64.ActiveCfg = Debug|x64
		{2FD301CF-3A11-32A2-BC46-1A114AB673B1}.Debug|x64.Build.0 = Debug|x64
		{2FD301CF-3A11-32A2-BC46-1A114AB673B1}.Release|x64.ActiveCfg = Release|x64
		{2FD301CF-3A11-32A2-BC46-1A114AB673B1}.Release|x64.Build.0 = Release|x64
		{2FD301CF-3A11-32A2-BC46-1A114AB673B1}.MinSizeRel|x64.ActiveCfg = MinSizeRel|x64
		{2FD301CF-3A11-32A2-BC46-1A114AB673B1}.MinSizeRel|x64.Build.0 = MinSizeRel|x64
		{2FD301CF-3A11-32A2-BC46-1A114AB673B1}.RelWithDebInfo|x64.ActiveCfg = RelWithDebInfo|x64
		{2FD301CF-3A11-32A2-BC46-1A114AB673B1}.RelWithDebInfo|x64.Build.0 = RelWithDebInfo|x64
		{F0A6AF77-1C22-333B-A6EE-6BDE23D32F71}.Debug|x64.ActiveCfg = Debug|x64
		{F0A6AF77-1C22-333B-A6EE-6BDE23D32F71}.Debug|x64.Build.0 = Debug|x64
		{F0A6AF77-1C22-333B-A6EE-6BDE23D32F71}.Release|x64.ActiveCfg = Release|x64
		{F0A6AF77-1C22-333B-A6EE-6BDE23D32F71}.Release|x64.Build.0 = Release|x64
		{F0A6AF77-1C22-333B-A6EE-6BDE23D32F71}.MinSizeRel|x64.ActiveCfg = MinSizeRel|x64
		{F0A6AF77-1C22-333B-A6EE-6BDE23D32F71}.MinSizeRel|x64.Build.0 = MinSizeRel|x64
		{F0A6AF77-1C22-333B-A6EE-6BDE23D32F71}.RelWithDebInfo|x64.ActiveCfg = RelWithDebInfo|x64
		{F0A6AF77-1C22-333B-A6EE-6BDE23D32F71}.RelWithDebInfo|x64.Build.0 = RelWithDebInfo|x64
		{7E56CDB8-CE44-37FD-A8DA-E24611D0411B}.Debug|x64.ActiveCfg = Debug|x64
		{7E56CDB8-CE44-37FD-A8DA-E24611D0411B}.Debug|x64.Build.0 = Debug|x64
		{7E56CDB8-CE44-37FD-A8DA-E24611D0411B}.Release|x64.ActiveCfg = Release|x64
		{7E56CDB8-CE44-37FD-A8DA-E24611D0411B}.Release|x64.Build.0 = Release|x64
		{7E56CDB8-CE44-37FD-A8DA-E24611D0411B}.MinSizeRel|x64.ActiveCfg = MinSizeRel|x64
		{7E56CDB8-CE44-37FD-A8DA-E24611D0411B}.MinSizeRel|x64.Build.0 = MinSizeRel|x64
		{7E56CDB8-CE44-37FD-A8DA-E24611D0411B}.RelWithDebInfo|x64.ActiveCfg = RelWithDebInfo|x64
		{7E56CDB8-CE44-37FD-A8DA-E24611D0411B}.RelWithDebInfo|x64.Build.0 = RelWithDebInfo|x64
		{C269C534-0DF9-3089-840B-0E8EBD622252}.Debug|x64.ActiveCfg = Debug|x64
		{C269C534-0DF9-3089-840B-0E8EBD622252}.Debug|x64.Build.0 = Debug|x64
		{C269C534-0DF9-3089-840B-0E8EBD622252}.Release|x64.ActiveCfg = Release|x64
		{C269C534-0DF9-3089-840B-0E8EBD622252}.Release|x64.Build.0 = Release|x64
		{C269C534-0DF9-3089-840B-0E8EBD622252}.MinSizeRel|x64.ActiveCfg = MinSizeRel|x64
		{C269C534-0DF9-3089-840B-0E8EBD622252}.MinSizeRel|x64.Build.0 = MinSizeRel|x64
		{C269C534-0DF9-3089-840B-0E8EBD622252}.RelWithDebInfo|x64.ActiveCfg = RelWithDebInfo|x64
		{C269C534-0DF9-3089-840B-0E8EBD622252}.RelWithDebInfo|x64.Build.0 = RelWithDebInfo|x64
		{D946A4FF-EAE1-3FEE-959E-A4B4A1519D08}.Debug|x64.ActiveCfg = Debug|x64
		{D946A4FF-EAE1-3FEE-959E-A4B4A1519D08}.Debug|x64.Build.0 = Debug|x64
		{D946A4FF-EAE1-3FEE-959E-A4B4A1519D08}.Release|x64.ActiveCfg = Release|x64
		{D946A4FF-EAE1-3FEE-959E-A4B4A1519D08}.Release|x64.Build.0 = Release|x64
		{D946A4FF-EAE1-3FEE-959E-A4B4A1519D08}.MinSizeRel|x64.ActiveCfg = MinSizeRel|x64
		{D946A4FF-EAE1-3FEE-959E-A4B4A1519D08}.MinSizeRel|x64.Build.0 = MinSizeRel|x64
		{D946A4FF-EAE1-3FEE-959E-A4B4A1519D08}.RelWithDebInfo|x64.ActiveCfg = RelWithDebInfo|x64
		{D946A4FF-EAE1-3FEE-959E-A4B4A1519D08}.RelWithDebInfo|x64.Build.0 = RelWithDebInfo|x64
		{670E10DE-ED8C-3F58-A4D5-EC8AF4CD2378}.Debug|x64.ActiveCfg = Debug|x64
		{670E10DE-ED8C-3F58-A4D5-EC8AF4CD2378}.Debug|x64.Build.0 = Debug|x64
		{670E10DE-ED8C-3F58-A4D5-EC8AF4CD2378}.Release|x64.ActiveCfg = Release|x64
		{670E10DE-ED8C-3F58-A4D5-EC8AF4CD2378}.Release|x64.Build.0 = Release|x64
		{670E10DE-ED8C-3F58-A4D5-EC8AF4CD2378}.MinSizeRel|x64.ActiveCfg = MinSizeRel|x64
		{670E10DE-ED8C-3F58-A4D5-EC8AF4CD2378}.MinSizeRel|x64.Build.0 = MinSizeRel|x64
		{670E10DE-ED8C-3F58-A4D5-EC8AF4CD2378}.RelWithDebInfo|x64.ActiveCfg = RelWithDebInfo|x64
		{670E10DE-ED8C-3F58-A4D5-EC8AF4CD2378}.RelWithDebInfo|x64.Build.0 = RelWithDebInfo|x64
		{19C4D03B-CE63-3CFD-A3C0-E14824C4D222}.Debug|x64.ActiveCfg = Debug|x64
		{19C4D03B-CE63-3CFD-A3C0-E14824C4D222}.Debug|x64.Build.0 = Debug|x64
		{19C4D03B-CE63-3CFD-A3C0-E14824C4D222}.Release|x64.ActiveCfg = Release|x64
		{19C4D03B-CE63-3CFD-A3C0-E14824C4D222}.Release|x64.Build.0 = Release|x64
		{19C4D03B-CE63-3CFD-A3C0-E14824C4D222}.MinSizeRel|x64.ActiveCfg = MinSizeRel|x64
		{19C4D03B-CE63-3CFD-A3C0-E14824C4D222}.MinSizeRel|x64.Build.0 = MinSizeRel|x64
		{19C4D03B-CE63-3CFD-A3C0-E14824C4D222}.RelWithDebInfo|x64.ActiveCfg = RelWithDebInfo|x64
		{19C4D03B-CE63-3CFD-A3C0-E14824C4D222}.RelWithDebInfo|x64.Build.0 = RelWithDebInfo|x64
		{BC699D66-5FA8-36D6-8B5F-F9549A7925B8}.Debug|x64.ActiveCfg = Debug|x64
		{BC699D66-5FA8-36D6-8B5F-F9549A7925B8}.Debug|x64.Build.0 = Debug|x64
		{BC699D66-5FA8-36D6-8B5F-F9549A7925B8}.Release|x64.ActiveCfg = Release|x64
		{BC699D66-5FA8-36D6-8B5F-F9549A7925B8}.Release|x64.Build.0 = Release|x64
		{BC699D66-5FA8-36D6-8B5F-F9549A7925B8}.MinSizeRel|x64.ActiveCfg = MinSizeRel|x64
		{BC699D66-5FA8-36D6-8B5F-F9549A7925B8}.MinSizeRel|x64.Build.0 = MinSizeRel|x64
		{BC699D66-5FA8-36D6-8B5F-F9549A7925B8}.RelWithDebInfo|x64.ActiveCfg = RelWithDebInfo|x64
		{BC699D66-5FA8-36D6-8B5F-F9549A7925B8}.RelWithDebInfo|x64.Build.0 = RelWithDebInfo|x64
		{2986CCFD-EDB1-379D-9FF9-AFB03D146BDA}.Debug|x64.ActiveCfg = Debug|x64
		{2986CCFD-EDB1-379D-9FF9-AFB03D146BDA}.Debug|x64.Build.0 = Debug|x64
		{2986CCFD-EDB1-379D-9FF9-AFB03D146BDA}.Release|x64.ActiveCfg = Release|x64
		{2986CCFD-EDB1-379D-9FF9-AFB03D146BDA}.Release|x64.Build.0 = Release|x64
		{2986CCFD-EDB1-379D-9FF9-AFB03D146BDA}.MinSizeRel|x64.ActiveCfg = MinSizeRel|x64
		{2986CCFD-EDB1-379D-9FF9-AFB03D146BDA}.MinSizeRel|x64.Build.0 = MinSizeRel|x64
		{2986CCFD-EDB1-379D-9FF9-AFB03D146BDA}.RelWithDebInfo|x64.ActiveCfg = RelWithDebInfo|x64
		{2986CCFD-EDB1-379D-9FF9-AFB03D146BDA}.RelWithDebInfo|x64.Build.0 = RelWithDebInfo|x64
		{864100DD-6FE8-3F19-BE87-00585AC7EF77}.Debug|x64.ActiveCfg = Debug|x64
		{864100DD-6FE8-3F19-BE87-00585AC7EF77}.Debug|x64.Build.0 = Debug|x64
		{864100DD-6FE8-3F19-BE87-00585AC7EF77}.Release|x64.ActiveCfg = Release|x64
		{864100DD-6FE8-3F19-BE87-00585AC7EF77}.Release|x64.Build.0 = Release|x64
		{864100DD-6FE8-3F19-BE87-00585AC7EF77}.MinSizeRel|x64.ActiveCfg = MinSizeRel|x64
		{864100DD-6FE8-3F19-BE87-00585AC7EF77}.MinSizeRel|x64.Build.0 = MinSizeRel|x64
		{864100DD-6FE8-3F19-BE87-00585AC7EF77}.RelWithDebInfo|x64.ActiveCfg = RelWithDebInfo|x64
		{864100DD-6FE8-3F19-BE87-00585AC7EF77}.RelWithDebInfo|x64.Build.0 = RelWithDebInfo|x64
		{24D41B76-EBE0-34E6-AD7E-67141F86F90D}.Debug|x64.ActiveCfg = Debug|x64
		{24D41B76-EBE0-34E6-AD7E-67141F86F90D}.Debug|x64.Build.0 = Debug|x64
		{24D41B76-EBE0-34E6-AD7E-67141F86F90D}.Release|x64.ActiveCfg = Release|x64
		{24D41B76-EBE0-34E6-AD7E-67141F86F90D}.Release|x64.Build.0 = Release|x64
		{24D41B76-EBE0-34E6-AD7E-67141F86F90D}.MinSizeRel|x64.ActiveCfg = MinSizeRel|x64
		{24D41B76-EBE0-34E6-AD7E-67141F86F90D}.MinSizeRel|x64.Build.0 = MinSizeRel|x64
		{24D41B76-EBE0-34E6-AD7E-67141F86F90D}.RelWithDebInfo|x64.ActiveCfg = RelWithDebInfo|x64
		{24D41B76-EBE0-34E6-AD7E-67141F86F90D}.RelWithDebInfo|x64.Build.0 = RelWithDebInfo|x64
		{7793D768-3616-3F28-B32B-9A77CFE49D6D}.Debug|x64.ActiveCfg = Debug|x64
		{7793D768-3616-3F28-B32B-9A77CFE49D6D}.Debug|x64.Build.0 = Debug|x64
		{7793D768-3616-3F28-B32B-9A77CFE49D6D}.Release|x64.ActiveCfg = Release|x64
		{7793D768-3616-3F28-B32B-9A77CFE49D6D}.Release|x64.Build.0 = Release|x64
		{7793D768-3616-3F28-B32B-9A77CFE49D6D}.MinSizeRel|x64.ActiveCfg = MinSizeRel|x64
		{7793D768-3616-3F28-B32B-9A77CFE49D6D}.MinSizeRel|x64.Build.0 = MinSizeRel|x64
		{7793D768-3616-3F28-B32B-9A77CFE49D6D}.RelWithDebInfo|x64.ActiveCfg = RelWithDebInfo|x64
		{7793D768-3616-3F28-B32B-9A77CFE49D6D}.RelWithDebInfo|x64.Build.0 = RelWithDebInfo|x64
		{3B087C96-24A6-3AAB-8482-A542AAAF69DA}.Debug|x64.ActiveCfg = Debug|x64
		{3B087C96-24A6-3AAB-8482-A542AAAF69DA}.Debug|x64.Build.0 = Debug|x64
		{3B087C96-24A6-3AAB-8482-A542AAAF69DA}.Release|x64.ActiveCfg = Release|x64
		{3B087C96-24A6-3AAB-8482-A542AAAF69DA}.Release|x64.Build.0 = Release|x64
		{3B087C96-24A6-3AAB-8482-A542AAAF69DA}.MinSizeRel|x64.ActiveCfg = MinSizeRel|x64
		{3B087C96-24A6-3AAB-8482-A542AAAF69DA}.MinSizeRel|x64.Build.0 = MinSizeRel|x64
		{3B087C96-24A6-3AAB-8482-A542AAAF69DA}.RelWithDebInfo|x64.ActiveCfg = RelWithDebInfo|x64
		{3B087C96-24A6-3AAB-8482-A542AAAF69DA}.RelWithDebInfo|x64.Build.0 = RelWithDebInfo|x64
		{01175087-1BD0-356E-86E1-C3C3B195829E}.Debug|x64.ActiveCfg = Debug|x64
		{01175087-1BD0-356E-86E1-C3C3B195829E}.Debug|x64.Build.0 = Debug|x64
		{01175087-1BD0-356E-86E1-C3C3B195829E}.Release|x64.ActiveCfg = Release|x64
		{01175087-1BD0-356E-86E1-C3C3B195829E}.Release|x64.Build.0 = Release|x64
		{01175087-1BD0-356E-86E1-C3C3B195829E}.MinSizeRel|x64.ActiveCfg = MinSizeRel|x64
		{01175087-1BD0-356E-86E1-C3C3B195829E}.MinSizeRel|x64.Build.0 = MinSizeRel|x64
		{01175087-1BD0-356E-86E1-C3C3B195829E}.RelWithDebInfo|x64.ActiveCfg = RelWithDebInfo|x64
		{01175087-1BD0-356E-86E1-C3C3B195829E}.RelWithDebInfo|x64.Build.0 = RelWithDebInfo|x64
		{F5889009-109D-3156-9D53-B7535A401761}.Debug|x64.ActiveCfg = Debug|x64
		{F5889009-109D-3156-9D53-B7535A401761}.Debug|x64.Build.0 = Debug|x64
		{F5889009-109D-3156-9D53-B7535A401761}.Release|x64.ActiveCfg = Release|x64
		{F5889009-109D-3156-9D53-B7535A401761}.Release|x64.Build.0 = Release|x64
		{F5889009-109D-3156-9D53-B7535A401761}.MinSizeRel|x64.ActiveCfg = MinSizeRel|x64
		{F5889009-109D-3156-9D53-B7535A401761}.MinSizeRel|x64.Build.0 = MinSizeRel|x64
		{F5889009-109D-3156-9D53-B7535A401761}.RelWithDebInfo|x64.ActiveCfg = RelWithDebInfo|x64
		{F5889009-109D-3156-9D53-B7535A401761}.RelWithDebInfo|x64.Build.0 = RelWithDebInfo|x64
		{65ED99CC-EB8D-347D-B878-916954D52A01}.Debug|x64.ActiveCfg = Debug|x64
		{65ED99CC-EB8D-347D-B878-916954D52A01}.Debug|x64.Build.0 = Debug|x64
		{65ED99CC-EB8D-347D-B878-916954D52A01}.Release|x64.ActiveCfg = Release|x64
		{65ED99CC-EB8D-347D-B878-916954D52A01}.Release|x64.Build.0 = Release|x64
		{65ED99CC-EB8D-347D-B878-916954D52A01}.MinSizeRel|x64.ActiveCfg = MinSizeRel|x64
		{65ED99CC-EB8D-347D-B878-916954D52A01}.MinSizeRel|x64.Build.0 = MinSizeRel|x64
		{65ED99CC-EB8D-347D-B878-916954D52A01}.RelWithDebInfo|x64.ActiveCfg = RelWithDebInfo|x64
		{65ED99CC-EB8D-347D-B878-916954D52A01}.RelWithDebInfo|x64.Build.0 = RelWithDebInfo|x64
		{C8C138DB-517B-39D4-8C15-A7DE8B1CF9C8}.Debug|x64.ActiveCfg = Debug|x64
		{C8C138DB-517B-39D4-8C15-A7DE8B1CF9C8}.Debug|x64.Build.0 = Debug|x64
		{C8C138DB-517B-39D4-8C15-A7DE8B1CF9C8}.Release|x64.ActiveCfg = Release|x64
		{C8C138DB-517B-39D4-8C15-A7DE8B1CF9C8}.Release|x64.Build.0 = Release|x64
		{C8C138DB-517B-39D4-8C15-A7DE8B1CF9C8}.MinSizeRel|x64.ActiveCfg = MinSizeRel|x64
		{C8C138DB-517B-39D4-8C15-A7DE8B1CF9C8}.MinSizeRel|x64.Build.0 = MinSizeRel|x64
		{C8C138DB-517B-39D4-8C15-A7DE8B1CF9C8}.RelWithDebInfo|x64.ActiveCfg = RelWithDebInfo|x64
		{C8C138DB-517B-39D4-8C15-A7DE8B1CF9C8}.RelWithDebInfo|x64.Build.0 = RelWithDebInfo|x64
		{9851533C-6311-3FC2-A2D6-07A3192BFD8D}.Debug|x64.ActiveCfg = Debug|x64
		{9851533C-6311-3FC2-A2D6-07A3192BFD8D}.Debug|x64.Build.0 = Debug|x64
		{9851533C-6311-3FC2-A2D6-07A3192BFD8D}.Release|x64.ActiveCfg = Release|x64
		{9851533C-6311-3FC2-A2D6-07A3192BFD8D}.Release|x64.Build.0 = Release|x64
		{9851533C-6311-3FC2-A2D6-07A3192BFD8D}.MinSizeRel|x64.ActiveCfg = MinSizeRel|x64
		{9851533C-6311-3FC2-A2D6-07A3192BFD8D}.MinSizeRel|x64.Build.0 = MinSizeRel|x64
		{9851533C-6311-3FC2-A2D6-07A3192BFD8D}.RelWithDebInfo|x64.ActiveCfg = RelWithDebInfo|x64
		{9851533C-6311-3FC2-A2D6-07A3192BFD8D}.RelWithDebInfo|x64.Build.0 = RelWithDebInfo|x64
		{7327003A-E40D-3904-BBFE-906EDD50E1C8}.Debug|x64.ActiveCfg = Debug|x64
		{7327003A-E40D-3904-BBFE-906EDD50E1C8}.Debug|x64.Build.0 = Debug|x64
		{7327003A-E40D-3904-BBFE-906EDD50E1C8}.Release|x64.ActiveCfg = Release|x64
		{7327003A-E40D-3904-BBFE-906EDD50E1C8}.Release|x64.Build.0 = Release|x64
		{7327003A-E40D-3904-BBFE-906EDD50E1C8}.MinSizeRel|x64.ActiveCfg = MinSizeRel|x64
		{7327003A-E40D-3904-BBFE-906EDD50E1C8}.MinSizeRel|x64.Build.0 = MinSizeRel|x64
		{7327003A-E40D-3904-BBFE-906EDD50E1C8}.RelWithDebInfo|x64.ActiveCfg = RelWithDebInfo|x64
		{7327003A-E40D-3904-BBFE-906EDD50E1C8}.RelWithDebInfo|x64.Build.0 = RelWithDebInfo|x64
		{56C3608A-CB79-3F19-9CE7-4A1B63F2A1D6}.Debug|x64.ActiveCfg = Debug|x64
		{56C3608A-CB79-3F19-9CE7-4A1B63F2A1D6}.Debug|x64.Build.0 = Debug|x64
		{56C3608A-CB79-3F19-9CE7-4A1B63F2A1D6}.Release|x64.ActiveCfg = Release|x64
		{56C3608A-CB79-3F19-9CE7-4A1B63F2A1D6}.Release|x64.Build.0 = Release|x64
		{56C3608A-CB79-3F19-9CE7-4A1B63F2A1D6}.MinSizeRel|x64.ActiveCfg = MinSizeRel|x64
		{56C3608A-CB79-3F19-9CE7-4A1B63F2A1D6}.MinSizeRel|x64.Build.0 = MinSizeRel|x64
		{56C3608A-CB79-3F19-9CE7-4A1B63F2A1D6}.RelWithDebInfo|x64.ActiveCfg = RelWithDebInfo|x64
		{56C3608A-CB79-3F19-9CE7-4A1B63F2A1D6}.RelWithDebInfo|x64.Build.0 = RelWithDebInfo|x64
	EndGlobalSection
	GlobalSection(NestedProjects) = preSolution
		{86F23D52-580B-3325-BE22-244FB614C3C4} = {2A62B544-6616-3C49-B345-A30990D7789D}
		{66E16270-A3A7-39FD-8FF6-1F01DF0E4309} = {2A62B544-6616-3C49-B345-A30990D7789D}
		{7DC70B01-FB2A-355B-B23A-ECE6591D527F} = {2A62B544-6616-3C49-B345-A30990D7789D}
		{969AC39C-A636-3ACE-9F77-97A95B55FC92} = {2A62B544-6616-3C49-B345-A30990D7789D}
	EndGlobalSection
	GlobalSection(ExtensibilityGlobals) = postSolution
		SolutionGuid = {1EAA9AA7-41A4-3D95-9774-95F8521E6CAD}
	EndGlobalSection
	GlobalSection(ExtensibilityAddIns) = postSolution
	EndGlobalSection
EndGlobal
