<?xml version="1.0" encoding="utf-8"?>
<Project ToolsVersion="15.0" xmlns="http://schemas.microsoft.com/developer/msbuild/2003">
  <ItemGroup>
    <ClCompile Include="F:\MVE\libs\util\arguments.cc">
      <Filter>Source Files</Filter>
    </ClCompile>
    <ClCompile Include="F:\MVE\libs\util\file_system.cc">
      <Filter>Source Files</Filter>
    </ClCompile>
    <ClCompile Include="F:\MVE\libs\util\ini_parser.cc">
      <Filter>Source Files</Filter>
    </ClCompile>
    <ClCompile Include="F:\MVE\libs\util\system.cc">
      <Filter>Source Files</Filter>
    </ClCompile>
  </ItemGroup>
  <ItemGroup>
    <ClInclude Include="F:\MVE\libs\util\aligned_allocator.h">
      <Filter>Header Files</Filter>
    </ClInclude>
    <ClInclude Include="F:\MVE\libs\util\aligned_memory.h">
      <Filter>Header Files</Filter>
    </ClInclude>
    <ClInclude Include="F:\MVE\libs\util\arguments.h">
      <Filter>Header Files</Filter>
    </ClInclude>
    <ClInclude Include="F:\MVE\libs\util\defines.h">
      <Filter>Header Files</Filter>
    </ClInclude>
    <ClInclude Include="F:\MVE\libs\util\exception.h">
      <Filter>Header Files</Filter>
    </ClInclude>
    <ClInclude Include="F:\MVE\libs\util\file_system.h">
      <Filter>Header Files</Filter>
    </ClInclude>
    <ClInclude Include="F:\MVE\libs\util\frame_timer.h">
      <Filter>Header Files</Filter>
    </ClInclude>
    <ClInclude Include="F:\MVE\libs\util\ini_parser.h">
      <Filter>Header Files</Filter>
    </ClInclude>
    <ClInclude Include="F:\MVE\libs\util\logging.h">
      <Filter>Header Files</Filter>
    </ClInclude>
    <ClInclude Include="F:\MVE\libs\util\strings.h">
      <Filter>Header Files</Filter>
    </ClInclude>
    <ClInclude Include="F:\MVE\libs\util\system.h">
      <Filter>Header Files</Filter>
    </ClInclude>
    <ClInclude Include="F:\MVE\libs\util\timer.h">
      <Filter>Header Files</Filter>
    </ClInclude>
    <ClInclude Include="F:\MVE\libs\util\tokenizer.h">
      <Filter>Header Files</Filter>
    </ClInclude>
  </ItemGroup>
  <ItemGroup>
    <CustomBuild Include="F:\MVE\libs\util\CMakeLists.txt" />
  </ItemGroup>
  <ItemGroup>
    <Filter Include="Header Files">
      <UniqueIdentifier>{7F985878-25AB-3657-93FE-D0124D05E483}</UniqueIdentifier>
    </Filter>
    <Filter Include="Source Files">
      <UniqueIdentifier>{1DFFC78B-C718-3444-B22A-C398FD08183E}</UniqueIdentifier>
    </Filter>
  </ItemGroup>
</Project>
