<?xml version="1.0" encoding="utf-8"?>
<Project ToolsVersion="15.0" xmlns="http://schemas.microsoft.com/developer/msbuild/2003">
  <ItemGroup>
    <ClCompile Include="F:\MVE\libs\dmrecon\dmrecon.cc">
      <Filter>Source Files</Filter>
    </ClCompile>
    <ClCompile Include="F:\MVE\libs\dmrecon\global_view_selection.cc">
      <Filter>Source Files</Filter>
    </ClCompile>
    <ClCompile Include="F:\MVE\libs\dmrecon\image_pyramid.cc">
      <Filter>Source Files</Filter>
    </ClCompile>
    <ClCompile Include="F:\MVE\libs\dmrecon\local_view_selection.cc">
      <Filter>Source Files</Filter>
    </ClCompile>
    <ClCompile Include="F:\MVE\libs\dmrecon\mvs_tools.cc">
      <Filter>Source Files</Filter>
    </ClCompile>
    <ClCompile Include="F:\MVE\libs\dmrecon\patch_optimization.cc">
      <Filter>Source Files</Filter>
    </ClCompile>
    <ClCompile Include="F:\MVE\libs\dmrecon\patch_sampler.cc">
      <Filter>Source Files</Filter>
    </ClCompile>
    <ClCompile Include="F:\MVE\libs\dmrecon\single_view.cc">
      <Filter>Source Files</Filter>
    </ClCompile>
  </ItemGroup>
  <ItemGroup>
    <ClInclude Include="F:\MVE\libs\dmrecon\defines.h">
      <Filter>Header Files</Filter>
    </ClInclude>
    <ClInclude Include="F:\MVE\libs\dmrecon\dmrecon.h">
      <Filter>Header Files</Filter>
    </ClInclude>
    <ClInclude Include="F:\MVE\libs\dmrecon\global_view_selection.h">
      <Filter>Header Files</Filter>
    </ClInclude>
    <ClInclude Include="F:\MVE\libs\dmrecon\image_pyramid.h">
      <Filter>Header Files</Filter>
    </ClInclude>
    <ClInclude Include="F:\MVE\libs\dmrecon\local_view_selection.h">
      <Filter>Header Files</Filter>
    </ClInclude>
    <ClInclude Include="F:\MVE\libs\dmrecon\mvs_tools.h">
      <Filter>Header Files</Filter>
    </ClInclude>
    <ClInclude Include="F:\MVE\libs\dmrecon\patch_optimization.h">
      <Filter>Header Files</Filter>
    </ClInclude>
    <ClInclude Include="F:\MVE\libs\dmrecon\patch_sampler.h">
      <Filter>Header Files</Filter>
    </ClInclude>
    <ClInclude Include="F:\MVE\libs\dmrecon\progress.h">
      <Filter>Header Files</Filter>
    </ClInclude>
    <ClInclude Include="F:\MVE\libs\dmrecon\settings.h">
      <Filter>Header Files</Filter>
    </ClInclude>
    <ClInclude Include="F:\MVE\libs\dmrecon\single_view.h">
      <Filter>Header Files</Filter>
    </ClInclude>
    <ClInclude Include="F:\MVE\libs\dmrecon\view_selection.h">
      <Filter>Header Files</Filter>
    </ClInclude>
  </ItemGroup>
  <ItemGroup>
    <CustomBuild Include="F:\MVE\libs\dmrecon\CMakeLists.txt" />
  </ItemGroup>
  <ItemGroup>
    <Filter Include="Header Files">
      <UniqueIdentifier>{7F985878-25AB-3657-93FE-D0124D05E483}</UniqueIdentifier>
    </Filter>
    <Filter Include="Source Files">
      <UniqueIdentifier>{1DFFC78B-C718-3444-B22A-C398FD08183E}</UniqueIdentifier>
    </Filter>
  </ItemGroup>
</Project>
