<?xml version="1.0" encoding="utf-8"?>
<Project ToolsVersion="15.0" xmlns="http://schemas.microsoft.com/developer/msbuild/2003">
  <ItemGroup>
    <ClCompile Include="F:\MVE\libs\ogl\camera_2d.cc">
      <Filter>Source Files</Filter>
    </ClCompile>
    <ClCompile Include="F:\MVE\libs\ogl\camera_trackball.cc">
      <Filter>Source Files</Filter>
    </ClCompile>
    <ClCompile Include="F:\MVE\libs\ogl\events.cc">
      <Filter>Source Files</Filter>
    </ClCompile>
    <ClCompile Include="F:\MVE\libs\ogl\mesh_renderer.cc">
      <Filter>Source Files</Filter>
    </ClCompile>
    <ClCompile Include="F:\MVE\libs\ogl\render_tools.cc">
      <Filter>Source Files</Filter>
    </ClCompile>
    <ClCompile Include="F:\MVE\libs\ogl\shader_program.cc">
      <Filter>Source Files</Filter>
    </ClCompile>
    <ClCompile Include="F:\MVE\libs\ogl\texture.cc">
      <Filter>Source Files</Filter>
    </ClCompile>
    <ClCompile Include="F:\MVE\libs\ogl\vertex_array.cc">
      <Filter>Source Files</Filter>
    </ClCompile>
    <ClCompile Include="F:\MVE\libs\ogl\vertex_buffer.cc">
      <Filter>Source Files</Filter>
    </ClCompile>
  </ItemGroup>
  <ItemGroup>
    <ClInclude Include="F:\MVE\libs\ogl\camera.h">
      <Filter>Header Files</Filter>
    </ClInclude>
    <ClInclude Include="F:\MVE\libs\ogl\camera_2d.h">
      <Filter>Header Files</Filter>
    </ClInclude>
    <ClInclude Include="F:\MVE\libs\ogl\camera_trackball.h">
      <Filter>Header Files</Filter>
    </ClInclude>
    <ClInclude Include="F:\MVE\libs\ogl\check_gl_error.h">
      <Filter>Header Files</Filter>
    </ClInclude>
    <ClInclude Include="F:\MVE\libs\ogl\context.h">
      <Filter>Header Files</Filter>
    </ClInclude>
    <ClInclude Include="F:\MVE\libs\ogl\defines.h">
      <Filter>Header Files</Filter>
    </ClInclude>
    <ClInclude Include="F:\MVE\libs\ogl\events.h">
      <Filter>Header Files</Filter>
    </ClInclude>
    <ClInclude Include="F:\MVE\libs\ogl\key_symbols.h">
      <Filter>Header Files</Filter>
    </ClInclude>
    <ClInclude Include="F:\MVE\libs\ogl\mesh_renderer.h">
      <Filter>Header Files</Filter>
    </ClInclude>
    <ClInclude Include="F:\MVE\libs\ogl\opengl.h">
      <Filter>Header Files</Filter>
    </ClInclude>
    <ClInclude Include="F:\MVE\libs\ogl\render_tools.h">
      <Filter>Header Files</Filter>
    </ClInclude>
    <ClInclude Include="F:\MVE\libs\ogl\shader_program.h">
      <Filter>Header Files</Filter>
    </ClInclude>
    <ClInclude Include="F:\MVE\libs\ogl\texture.h">
      <Filter>Header Files</Filter>
    </ClInclude>
    <ClInclude Include="F:\MVE\libs\ogl\vertex_array.h">
      <Filter>Header Files</Filter>
    </ClInclude>
    <ClInclude Include="F:\MVE\libs\ogl\vertex_buffer.h">
      <Filter>Header Files</Filter>
    </ClInclude>
  </ItemGroup>
  <ItemGroup>
    <CustomBuild Include="F:\MVE\libs\ogl\CMakeLists.txt" />
  </ItemGroup>
  <ItemGroup>
    <Filter Include="Header Files">
      <UniqueIdentifier>{7F985878-25AB-3657-93FE-D0124D05E483}</UniqueIdentifier>
    </Filter>
    <Filter Include="Source Files">
      <UniqueIdentifier>{1DFFC78B-C718-3444-B22A-C398FD08183E}</UniqueIdentifier>
    </Filter>
  </ItemGroup>
</Project>
