<?xml version="1.0" encoding="utf-8"?>
<Project ToolsVersion="15.0" xmlns="http://schemas.microsoft.com/developer/msbuild/2003">
  <ItemGroup>
    <CustomBuild Include="F:\MVE\mve_build\CMakeFiles\4d22f96f1886fdc3b7c2b907be442969\INSTALL_force.rule">
      <Filter>CMake Rules</Filter>
    </CustomBuild>
  </ItemGroup>
  <ItemGroup>
    <Filter Include="CMake Rules">
      <UniqueIdentifier>{1098A8F4-EF73-3171-B135-371FAFD9BE4B}</UniqueIdentifier>
    </Filter>
  </ItemGroup>
</Project>
