<?xml version="1.0" encoding="utf-8"?>
<Project ToolsVersion="15.0" xmlns="http://schemas.microsoft.com/developer/msbuild/2003">
  <ItemGroup>
    <ClCompile Include="F:\MVE\libs\mve\bundle.cc">
      <Filter>Source Files</Filter>
    </ClCompile>
    <ClCompile Include="F:\MVE\libs\mve\bundle_io.cc">
      <Filter>Source Files</Filter>
    </ClCompile>
    <ClCompile Include="F:\MVE\libs\mve\camera.cc">
      <Filter>Source Files</Filter>
    </ClCompile>
    <ClCompile Include="F:\MVE\libs\mve\depthmap.cc">
      <Filter>Source Files</Filter>
    </ClCompile>
    <ClCompile Include="F:\MVE\libs\mve\image_exif.cc">
      <Filter>Source Files</Filter>
    </ClCompile>
    <ClCompile Include="F:\MVE\libs\mve\image_io.cc">
      <Filter>Source Files</Filter>
    </ClCompile>
    <ClCompile Include="F:\MVE\libs\mve\image_tools.cc">
      <Filter>Source Files</Filter>
    </ClCompile>
    <ClCompile Include="F:\MVE\libs\mve\marching.cc">
      <Filter>Source Files</Filter>
    </ClCompile>
    <ClCompile Include="F:\MVE\libs\mve\mesh.cc">
      <Filter>Source Files</Filter>
    </ClCompile>
    <ClCompile Include="F:\MVE\libs\mve\mesh_info.cc">
      <Filter>Source Files</Filter>
    </ClCompile>
    <ClCompile Include="F:\MVE\libs\mve\mesh_io.cc">
      <Filter>Source Files</Filter>
    </ClCompile>
    <ClCompile Include="F:\MVE\libs\mve\mesh_io_npts.cc">
      <Filter>Source Files</Filter>
    </ClCompile>
    <ClCompile Include="F:\MVE\libs\mve\mesh_io_obj.cc">
      <Filter>Source Files</Filter>
    </ClCompile>
    <ClCompile Include="F:\MVE\libs\mve\mesh_io_off.cc">
      <Filter>Source Files</Filter>
    </ClCompile>
    <ClCompile Include="F:\MVE\libs\mve\mesh_io_pbrt.cc">
      <Filter>Source Files</Filter>
    </ClCompile>
    <ClCompile Include="F:\MVE\libs\mve\mesh_io_ply.cc">
      <Filter>Source Files</Filter>
    </ClCompile>
    <ClCompile Include="F:\MVE\libs\mve\mesh_io_smf.cc">
      <Filter>Source Files</Filter>
    </ClCompile>
    <ClCompile Include="F:\MVE\libs\mve\mesh_tools.cc">
      <Filter>Source Files</Filter>
    </ClCompile>
    <ClCompile Include="F:\MVE\libs\mve\scene.cc">
      <Filter>Source Files</Filter>
    </ClCompile>
    <ClCompile Include="F:\MVE\libs\mve\view.cc">
      <Filter>Source Files</Filter>
    </ClCompile>
    <ClCompile Include="F:\MVE\libs\mve\volume.cc">
      <Filter>Source Files</Filter>
    </ClCompile>
  </ItemGroup>
  <ItemGroup>
    <ClInclude Include="F:\MVE\libs\mve\bundle.h">
      <Filter>Header Files</Filter>
    </ClInclude>
    <ClInclude Include="F:\MVE\libs\mve\bundle_io.h">
      <Filter>Header Files</Filter>
    </ClInclude>
    <ClInclude Include="F:\MVE\libs\mve\camera.h">
      <Filter>Header Files</Filter>
    </ClInclude>
    <ClInclude Include="F:\MVE\libs\mve\defines.h">
      <Filter>Header Files</Filter>
    </ClInclude>
    <ClInclude Include="F:\MVE\libs\mve\depthmap.h">
      <Filter>Header Files</Filter>
    </ClInclude>
    <ClInclude Include="F:\MVE\libs\mve\image.h">
      <Filter>Header Files</Filter>
    </ClInclude>
    <ClInclude Include="F:\MVE\libs\mve\image_base.h">
      <Filter>Header Files</Filter>
    </ClInclude>
    <ClInclude Include="F:\MVE\libs\mve\image_color.h">
      <Filter>Header Files</Filter>
    </ClInclude>
    <ClInclude Include="F:\MVE\libs\mve\image_drawing.h">
      <Filter>Header Files</Filter>
    </ClInclude>
    <ClInclude Include="F:\MVE\libs\mve\image_exif.h">
      <Filter>Header Files</Filter>
    </ClInclude>
    <ClInclude Include="F:\MVE\libs\mve\image_io.h">
      <Filter>Header Files</Filter>
    </ClInclude>
    <ClInclude Include="F:\MVE\libs\mve\image_tools.h">
      <Filter>Header Files</Filter>
    </ClInclude>
    <ClInclude Include="F:\MVE\libs\mve\marching_cubes.h">
      <Filter>Header Files</Filter>
    </ClInclude>
    <ClInclude Include="F:\MVE\libs\mve\marching_tets.h">
      <Filter>Header Files</Filter>
    </ClInclude>
    <ClInclude Include="F:\MVE\libs\mve\mesh.h">
      <Filter>Header Files</Filter>
    </ClInclude>
    <ClInclude Include="F:\MVE\libs\mve\mesh_info.h">
      <Filter>Header Files</Filter>
    </ClInclude>
    <ClInclude Include="F:\MVE\libs\mve\mesh_io.h">
      <Filter>Header Files</Filter>
    </ClInclude>
    <ClInclude Include="F:\MVE\libs\mve\mesh_io_npts.h">
      <Filter>Header Files</Filter>
    </ClInclude>
    <ClInclude Include="F:\MVE\libs\mve\mesh_io_obj.h">
      <Filter>Header Files</Filter>
    </ClInclude>
    <ClInclude Include="F:\MVE\libs\mve\mesh_io_off.h">
      <Filter>Header Files</Filter>
    </ClInclude>
    <ClInclude Include="F:\MVE\libs\mve\mesh_io_pbrt.h">
      <Filter>Header Files</Filter>
    </ClInclude>
    <ClInclude Include="F:\MVE\libs\mve\mesh_io_ply.h">
      <Filter>Header Files</Filter>
    </ClInclude>
    <ClInclude Include="F:\MVE\libs\mve\mesh_io_smf.h">
      <Filter>Header Files</Filter>
    </ClInclude>
    <ClInclude Include="F:\MVE\libs\mve\mesh_tools.h">
      <Filter>Header Files</Filter>
    </ClInclude>
    <ClInclude Include="F:\MVE\libs\mve\scene.h">
      <Filter>Header Files</Filter>
    </ClInclude>
    <ClInclude Include="F:\MVE\libs\mve\view.h">
      <Filter>Header Files</Filter>
    </ClInclude>
    <ClInclude Include="F:\MVE\libs\mve\volume.h">
      <Filter>Header Files</Filter>
    </ClInclude>
  </ItemGroup>
  <ItemGroup>
    <CustomBuild Include="F:\MVE\libs\mve\CMakeLists.txt" />
  </ItemGroup>
  <ItemGroup>
    <Filter Include="Header Files">
      <UniqueIdentifier>{7F985878-25AB-3657-93FE-D0124D05E483}</UniqueIdentifier>
    </Filter>
    <Filter Include="Source Files">
      <UniqueIdentifier>{1DFFC78B-C718-3444-B22A-C398FD08183E}</UniqueIdentifier>
    </Filter>
  </ItemGroup>
</Project>
