<?xml version="1.0" encoding="utf-8"?>
<Project ToolsVersion="15.0" xmlns="http://schemas.microsoft.com/developer/msbuild/2003">
  <ItemGroup>
    <ClCompile Include="F:\MVE\libs\math\dummy.cc">
      <Filter>Source Files</Filter>
    </ClCompile>
  </ItemGroup>
  <ItemGroup>
    <ClInclude Include="F:\MVE\libs\math\accum.h">
      <Filter>Header Files</Filter>
    </ClInclude>
    <ClInclude Include="F:\MVE\libs\math\algo.h">
      <Filter>Header Files</Filter>
    </ClInclude>
    <ClInclude Include="F:\MVE\libs\math\bezier_curve.h">
      <Filter>Header Files</Filter>
    </ClInclude>
    <ClInclude Include="F:\MVE\libs\math\bspline.h">
      <Filter>Header Files</Filter>
    </ClInclude>
    <ClInclude Include="F:\MVE\libs\math\defines.h">
      <Filter>Header Files</Filter>
    </ClInclude>
    <ClInclude Include="F:\MVE\libs\math\functions.h">
      <Filter>Header Files</Filter>
    </ClInclude>
    <ClInclude Include="F:\MVE\libs\math\geometry.h">
      <Filter>Header Files</Filter>
    </ClInclude>
    <ClInclude Include="F:\MVE\libs\math\line.h">
      <Filter>Header Files</Filter>
    </ClInclude>
    <ClInclude Include="F:\MVE\libs\math\matrix.h">
      <Filter>Header Files</Filter>
    </ClInclude>
    <ClInclude Include="F:\MVE\libs\math\matrix_qr.h">
      <Filter>Header Files</Filter>
    </ClInclude>
    <ClInclude Include="F:\MVE\libs\math\matrix_svd.h">
      <Filter>Header Files</Filter>
    </ClInclude>
    <ClInclude Include="F:\MVE\libs\math\matrix_tools.h">
      <Filter>Header Files</Filter>
    </ClInclude>
    <ClInclude Include="F:\MVE\libs\math\octree_tools.h">
      <Filter>Header Files</Filter>
    </ClInclude>
    <ClInclude Include="F:\MVE\libs\math\permute.h">
      <Filter>Header Files</Filter>
    </ClInclude>
    <ClInclude Include="F:\MVE\libs\math\plane.h">
      <Filter>Header Files</Filter>
    </ClInclude>
    <ClInclude Include="F:\MVE\libs\math\quaternion.h">
      <Filter>Header Files</Filter>
    </ClInclude>
    <ClInclude Include="F:\MVE\libs\math\transform.h">
      <Filter>Header Files</Filter>
    </ClInclude>
    <ClInclude Include="F:\MVE\libs\math\vector.h">
      <Filter>Header Files</Filter>
    </ClInclude>
  </ItemGroup>
  <ItemGroup>
    <CustomBuild Include="F:\MVE\libs\math\CMakeLists.txt" />
  </ItemGroup>
  <ItemGroup>
    <Filter Include="Header Files">
      <UniqueIdentifier>{7F985878-25AB-3657-93FE-D0124D05E483}</UniqueIdentifier>
    </Filter>
    <Filter Include="Source Files">
      <UniqueIdentifier>{1DFFC78B-C718-3444-B22A-C398FD08183E}</UniqueIdentifier>
    </Filter>
  </ItemGroup>
</Project>
